
Microsoft Visual Studio Solution File, Format Version 12.00
# Visual Studio Version 16
VisualStudioVersion = 16.0.29911.84
MinimumVisualStudioVersion = 10.0.40219.1
Project("{FAE04EC0-301F-11D3-BF4B-00C04F79EFBC}") = "Solucion.Consola", "Solucion.Consola\Solucion.Consola.csproj", "{DA500C10-7462-41AE-82B2-CC6508329967}"
EndProject
Project("{FAE04EC0-301F-11D3-BF4B-00C04F79EFBC}") = "Solucion.LibreriaNegocio", "Solucion.LibreriaNegocio\Solucion.LibreriaNegocio.csproj", "{255C85CB-4D4A-4851-B3B4-9E1C9E69D8DB}"
EndProject
Project("{FAE04EC0-301F-11D3-BF4B-00C04F79EFBC}") = "Solucion.Formulario", "Solucion.Formulario\Solucion.Formulario.csproj", "{95D6FB99-99F6-4242-9A7A-B3F4EE3FFB84}"
EndProject
Global
	GlobalSection(SolutionConfigurationPlatforms) = preSolution
		Debug|Any CPU = Debug|Any CPU
		Release|Any CPU = Release|Any CPU
	EndGlobalSection
	GlobalSection(ProjectConfigurationPlatforms) = postSolution
		{DA500C10-7462-41AE-82B2-CC6508329967}.Debug|Any CPU.ActiveCfg = Debug|Any CPU
		{DA500C10-7462-41AE-82B2-CC6508329967}.Debug|Any CPU.Build.0 = Debug|Any CPU
		{DA500C10-7462-41AE-82B2-CC6508329967}.Release|Any CPU.ActiveCfg = Release|Any CPU
		{DA500C10-7462-41AE-82B2-CC6508329967}.Release|Any CPU.Build.0 = Release|Any CPU
		{255C85CB-4D4A-4851-B3B4-9E1C9E69D8DB}.Debug|Any CPU.ActiveCfg = Debug|Any CPU
		{255C85CB-4D4A-4851-B3B4-9E1C9E69D8DB}.Debug|Any CPU.Build.0 = Debug|Any CPU
		{255C85CB-4D4A-4851-B3B4-9E1C9E69D8DB}.Release|Any CPU.ActiveCfg = Release|Any CPU
		{255C85CB-4D4A-4851-B3B4-9E1C9E69D8DB}.Release|Any CPU.Build.0 = Release|Any CPU
		{95D6FB99-99F6-4242-9A7A-B3F4EE3FFB84}.Debug|Any CPU.ActiveCfg = Debug|Any CPU
		{95D6FB99-99F6-4242-9A7A-B3F4EE3FFB84}.Debug|Any CPU.Build.0 = Debug|Any CPU
		{95D6FB99-99F6-4242-9A7A-B3F4EE3FFB84}.Release|Any CPU.ActiveCfg = Release|Any CPU
		{95D6FB99-99F6-4242-9A7A-B3F4EE3FFB84}.Release|Any CPU.Build.0 = Release|Any CPU
	EndGlobalSection
	GlobalSection(SolutionProperties) = preSolution
		HideSolutionNode = FALSE
	EndGlobalSection
	GlobalSection(ExtensibilityGlobals) = postSolution
		SolutionGuid = {651B6835-575D-48D0-9387-A8B6563907BA}
	EndGlobalSection
EndGlobal
